// !$*UTF8*$!
{
	archiveVersion = 1;
	classes = {
	};
	objectVersion = 46;
	objects = {

/* Begin PBXBuildFile section */
		6E1B842418ACD18C00E6655D /* DropDownMenuViewController.m in Sources */ = {isa = PBXBuildFile; fileRef = 6E1B842218ACD18C00E6655D /* DropDownMenuViewController.m */; };
		6E1B842518ACD18C00E6655D /* DropDownMenuViewController.xib in Resources */ = {isa = PBXBuildFile; fileRef = 6E1B842318ACD18C00E6655D /* DropDownMenuViewController.xib */; };
		6E1B842818ACD60C00E6655D /* CellCustomDropDownMenu.m in Sources */ = {isa = PBXBuildFile; fileRef = 6E1B842718ACD60C00E6655D /* CellCustomDropDownMenu.m */; };
		6E1B842C18ACD65300E6655D /* CellCustomDropDownMenu.xib in Resources */ = {isa = PBXBuildFile; fileRef = 6E1B842B18ACD65300E6655D /* CellCustomDropDownMenu.xib */; };
		6E1B842F18ACE01E00E6655D /* line_horiz.png in Resources */ = {isa = PBXBuildFile; fileRef = 6E1B842D18ACE01E00E6655D /* line_horiz.png */; };
		6E1B843018ACE01E00E6655D /* line_horiz@2x.png in Resources */ = {isa = PBXBuildFile; fileRef = 6E1B842E18ACE01E00E6655D /* line_horiz@2x.png */; };
		6E24274118ADD34D002F6346 /* line_dropdown_menu.png in Resources */ = {isa = PBXBuildFile; fileRef = 6E24273F18ADD34D002F6346 /* line_dropdown_menu.png */; };
		6E24274218ADD34D002F6346 /* line_dropdown_menu@2x.png in Resources */ = {isa = PBXBuildFile; fileRef = 6E24274018ADD34D002F6346 /* line_dropdown_menu@2x.png */; };
		6E295EA618B3094700433166 /* bt_more_action.png in Resources */ = {isa = PBXBuildFile; fileRef = 6E295EA118B3094700433166 /* bt_more_action.png */; };
		6E295EA718B3094700433166 /* bt_more_action@2x.png in Resources */ = {isa = PBXBuildFile; fileRef = 6E295EA218B3094700433166 /* bt_more_action@2x.png */; };
		6E295EA818B3094700433166 /* bt_pdf.png in Resources */ = {isa = PBXBuildFile; fileRef = 6E295EA318B3094700433166 /* bt_pdf.png */; };
		6E295EA918B3094700433166 /* bt_pdf@2x.png in Resources */ = {isa = PBXBuildFile; fileRef = 6E295EA418B3094700433166 /* bt_pdf@2x.png */; };
		6E42C6C118ACAF5D0077D2CC /* Foundation.framework in Frameworks */ = {isa = PBXBuildFile; fileRef = 6E42C6C018ACAF5D0077D2CC /* Foundation.framework */; };
		6E42C6C318ACAF5D0077D2CC /* CoreGraphics.framework in Frameworks */ = {isa = PBXBuildFile; fileRef = 6E42C6C218ACAF5D0077D2CC /* CoreGraphics.framework */; };
		6E42C6C518ACAF5D0077D2CC /* UIKit.framework in Frameworks */ = {isa = PBXBuildFile; fileRef = 6E42C6C418ACAF5D0077D2CC /* UIKit.framework */; };
		6E42C6CB18ACAF5D0077D2CC /* InfoPlist.strings in Resources */ = {isa = PBXBuildFile; fileRef = 6E42C6C918ACAF5D0077D2CC /* InfoPlist.strings */; };
		6E42C6CD18ACAF5D0077D2CC /* main.m in Sources */ = {isa = PBXBuildFile; fileRef = 6E42C6CC18ACAF5D0077D2CC /* main.m */; };
		6E42C6D118ACAF5D0077D2CC /* AppDelegate.m in Sources */ = {isa = PBXBuildFile; fileRef = 6E42C6D018ACAF5D0077D2CC /* AppDelegate.m */; };
		6E42C6D318ACAF5D0077D2CC /* Images.xcassets in Resources */ = {isa = PBXBuildFile; fileRef = 6E42C6D218ACAF5D0077D2CC /* Images.xcassets */; };
		6E42C6DA18ACAF5D0077D2CC /* XCTest.framework in Frameworks */ = {isa = PBXBuildFile; fileRef = 6E42C6D918ACAF5D0077D2CC /* XCTest.framework */; };
		6E42C6DB18ACAF5D0077D2CC /* Foundation.framework in Frameworks */ = {isa = PBXBuildFile; fileRef = 6E42C6C018ACAF5D0077D2CC /* Foundation.framework */; };
		6E42C6DC18ACAF5D0077D2CC /* UIKit.framework in Frameworks */ = {isa = PBXBuildFile; fileRef = 6E42C6C418ACAF5D0077D2CC /* UIKit.framework */; };
		6E42C6E418ACAF5D0077D2CC /* InfoPlist.strings in Resources */ = {isa = PBXBuildFile; fileRef = 6E42C6E218ACAF5D0077D2CC /* InfoPlist.strings */; };
		6E42C6E618ACAF5D0077D2CC /* ViewBasicInfoTests.m in Sources */ = {isa = PBXBuildFile; fileRef = 6E42C6E518ACAF5D0077D2CC /* ViewBasicInfoTests.m */; };
		6E42C6F218ACAF740077D2CC /* MainViewController.m in Sources */ = {isa = PBXBuildFile; fileRef = 6E42C6F018ACAF740077D2CC /* MainViewController.m */; };
		6E42C6F318ACAF740077D2CC /* MainViewController.xib in Resources */ = {isa = PBXBuildFile; fileRef = 6E42C6F118ACAF740077D2CC /* MainViewController.xib */; };
		6ED44CD718B1CEEB00B63638 /* bg_topbar.png in Resources */ = {isa = PBXBuildFile; fileRef = 6ED44CD918B1CEEB00B63638 /* bg_topbar.png */; };
		6ED44CE018B1E95000B63638 /* bg_topbar@2x.png in Resources */ = {isa = PBXBuildFile; fileRef = 6ED44CE218B1E95000B63638 /* bg_topbar@2x.png */; };
		6ED44CE618B1EB9000B63638 /* Localizable.strings in Resources */ = {isa = PBXBuildFile; fileRef = 6ED44CE818B1EB9000B63638 /* Localizable.strings */; };
		6ED44CEC18B1F61700B63638 /* line_blue.png in Resources */ = {isa = PBXBuildFile; fileRef = 6ED44CEA18B1F61700B63638 /* line_blue.png */; };
		6ED44CED18B1F61700B63638 /* line_blue@2x.png in Resources */ = {isa = PBXBuildFile; fileRef = 6ED44CEB18B1F61700B63638 /* line_blue@2x.png */; };
		6ED44CF018B230CE00B63638 /* DropDownMenuModel.m in Sources */ = {isa = PBXBuildFile; fileRef = 6ED44CEF18B230CE00B63638 /* DropDownMenuModel.m */; };
		6ED44CF318B235D100B63638 /* DropDownMenuEntity.m in Sources */ = {isa = PBXBuildFile; fileRef = 6ED44CF218B235D100B63638 /* DropDownMenuEntity.m */; };
/* End PBXBuildFile section */

/* Begin PBXContainerItemProxy section */
		6E42C6DD18ACAF5D0077D2CC /* PBXContainerItemProxy */ = {
			isa = PBXContainerItemProxy;
			containerPortal = 6E42C6B518ACAF5D0077D2CC /* Project object */;
			proxyType = 1;
			remoteGlobalIDString = 6E42C6BC18ACAF5D0077D2CC;
			remoteInfo = ViewBasicInfo;
		};
/* End PBXContainerItemProxy section */

/* Begin PBXFileReference section */
		6E1B842118ACD18C00E6655D /* DropDownMenuViewController.h */ = {isa = PBXFileReference; fileEncoding = 4; lastKnownFileType = sourcecode.c.h; path = DropDownMenuViewController.h; sourceTree = "<group>"; };
		6E1B842218ACD18C00E6655D /* DropDownMenuViewController.m */ = {isa = PBXFileReference; fileEncoding = 4; lastKnownFileType = sourcecode.c.objc; path = DropDownMenuViewController.m; sourceTree = "<group>"; };
		6E1B842318ACD18C00E6655D /* DropDownMenuViewController.xib */ = {isa = PBXFileReference; fileEncoding = 4; lastKnownFileType = file.xib; path = DropDownMenuViewController.xib; sourceTree = "<group>"; };
		6E1B842618ACD60C00E6655D /* CellCustomDropDownMenu.h */ = {isa = PBXFileReference; fileEncoding = 4; lastKnownFileType = sourcecode.c.h; path = CellCustomDropDownMenu.h; sourceTree = "<group>"; };
		6E1B842718ACD60C00E6655D /* CellCustomDropDownMenu.m */ = {isa = PBXFileReference; fileEncoding = 4; lastKnownFileType = sourcecode.c.objc; path = CellCustomDropDownMenu.m; sourceTree = "<group>"; };
		6E1B842B18ACD65300E6655D /* CellCustomDropDownMenu.xib */ = {isa = PBXFileReference; fileEncoding = 4; lastKnownFileType = file.xib; path = CellCustomDropDownMenu.xib; sourceTree = "<group>"; };
		6E1B842D18ACE01E00E6655D /* line_horiz.png */ = {isa = PBXFileReference; lastKnownFileType = image.png; path = line_horiz.png; sourceTree = "<group>"; };
		6E1B842E18ACE01E00E6655D /* line_horiz@2x.png */ = {isa = PBXFileReference; lastKnownFileType = image.png; path = "line_horiz@2x.png"; sourceTree = "<group>"; };
		6E24273F18ADD34D002F6346 /* line_dropdown_menu.png */ = {isa = PBXFileReference; lastKnownFileType = image.png; path = line_dropdown_menu.png; sourceTree = "<group>"; };
		6E24274018ADD34D002F6346 /* line_dropdown_menu@2x.png */ = {isa = PBXFileReference; lastKnownFileType = image.png; path = "line_dropdown_menu@2x.png"; sourceTree = "<group>"; };
		6E295EA118B3094700433166 /* bt_more_action.png */ = {isa = PBXFileReference; lastKnownFileType = image.png; path = bt_more_action.png; sourceTree = "<group>"; };
		6E295EA218B3094700433166 /* bt_more_action@2x.png */ = {isa = PBXFileReference; lastKnownFileType = image.png; path = "bt_more_action@2x.png"; sourceTree = "<group>"; };
		6E295EA318B3094700433166 /* bt_pdf.png */ = {isa = PBXFileReference; lastKnownFileType = image.png; path = bt_pdf.png; sourceTree = "<group>"; };
		6E295EA418B3094700433166 /* bt_pdf@2x.png */ = {isa = PBXFileReference; lastKnownFileType = image.png; path = "bt_pdf@2x.png"; sourceTree = "<group>"; };
		6E42C6BD18ACAF5D0077D2CC /* ViewBasicInfo.app */ = {isa = PBXFileReference; explicitFileType = wrapper.application; includeInIndex = 0; path = ViewBasicInfo.app; sourceTree = BUILT_PRODUCTS_DIR; };
		6E42C6C018ACAF5D0077D2CC /* Foundation.framework */ = {isa = PBXFileReference; lastKnownFileType = wrapper.framework; name = Foundation.framework; path = System/Library/Frameworks/Foundation.framework; sourceTree = SDKROOT; };
		6E42C6C218ACAF5D0077D2CC /* CoreGraphics.framework */ = {isa = PBXFileReference; lastKnownFileType = wrapper.framework; name = CoreGraphics.framework; path = System/Library/Frameworks/CoreGraphics.framework; sourceTree = SDKROOT; };
		6E42C6C418ACAF5D0077D2CC /* UIKit.framework */ = {isa = PBXFileReference; lastKnownFileType = wrapper.framework; name = UIKit.framework; path = System/Library/Frameworks/UIKit.framework; sourceTree = SDKROOT; };
		6E42C6C818ACAF5D0077D2CC /* ViewBasicInfo-Info.plist */ = {isa = PBXFileReference; lastKnownFileType = text.plist.xml; path = "ViewBasicInfo-Info.plist"; sourceTree = "<group>"; };
		6E42C6CA18ACAF5D0077D2CC /* en */ = {isa = PBXFileReference; lastKnownFileType = text.plist.strings; name = en; path = en.lproj/InfoPlist.strings; sourceTree = "<group>"; };
		6E42C6CC18ACAF5D0077D2CC /* main.m */ = {isa = PBXFileReference; lastKnownFileType = sourcecode.c.objc; path = main.m; sourceTree = "<group>"; };
		6E42C6CE18ACAF5D0077D2CC /* ViewBasicInfo-Prefix.pch */ = {isa = PBXFileReference; lastKnownFileType = sourcecode.c.h; path = "ViewBasicInfo-Prefix.pch"; sourceTree = "<group>"; };
		6E42C6CF18ACAF5D0077D2CC /* AppDelegate.h */ = {isa = PBXFileReference; lastKnownFileType = sourcecode.c.h; path = AppDelegate.h; sourceTree = "<group>"; };
		6E42C6D018ACAF5D0077D2CC /* AppDelegate.m */ = {isa = PBXFileReference; lastKnownFileType = sourcecode.c.objc; path = AppDelegate.m; sourceTree = "<group>"; };
		6E42C6D218ACAF5D0077D2CC /* Images.xcassets */ = {isa = PBXFileReference; lastKnownFileType = folder.assetcatalog; path = Images.xcassets; sourceTree = "<group>"; };
		6E42C6D818ACAF5D0077D2CC /* ViewBasicInfoTests.xctest */ = {isa = PBXFileReference; explicitFileType = wrapper.cfbundle; includeInIndex = 0; path = ViewBasicInfoTests.xctest; sourceTree = BUILT_PRODUCTS_DIR; };
		6E42C6D918ACAF5D0077D2CC /* XCTest.framework */ = {isa = PBXFileReference; lastKnownFileType = wrapper.framework; name = XCTest.framework; path = Library/Frameworks/XCTest.framework; sourceTree = DEVELOPER_DIR; };
		6E42C6E118ACAF5D0077D2CC /* ViewBasicInfoTests-Info.plist */ = {isa = PBXFileReference; lastKnownFileType = text.plist.xml; path = "ViewBasicInfoTests-Info.plist"; sourceTree = "<group>"; };
		6E42C6E318ACAF5D0077D2CC /* en */ = {isa = PBXFileReference; lastKnownFileType = text.plist.strings; name = en; path = en.lproj/InfoPlist.strings; sourceTree = "<group>"; };
		6E42C6E518ACAF5D0077D2CC /* ViewBasicInfoTests.m */ = {isa = PBXFileReference; lastKnownFileType = sourcecode.c.objc; path = ViewBasicInfoTests.m; sourceTree = "<group>"; };
		6E42C6EF18ACAF740077D2CC /* MainViewController.h */ = {isa = PBXFileReference; fileEncoding = 4; lastKnownFileType = sourcecode.c.h; path = MainViewController.h; sourceTree = "<group>"; };
		6E42C6F018ACAF740077D2CC /* MainViewController.m */ = {isa = PBXFileReference; fileEncoding = 4; lastKnownFileType = sourcecode.c.objc; path = MainViewController.m; sourceTree = "<group>"; };
		6E42C6F118ACAF740077D2CC /* MainViewController.xib */ = {isa = PBXFileReference; fileEncoding = 4; lastKnownFileType = file.xib; path = MainViewController.xib; sourceTree = "<group>"; };
		6ED44CD818B1CEEB00B63638 /* en */ = {isa = PBXFileReference; lastKnownFileType = image.png; name = en; path = en.lproj/bg_topbar.png; sourceTree = "<group>"; };
		6ED44CDB18B1CF7300B63638 /* fr */ = {isa = PBXFileReference; lastKnownFileType = text.plist.strings; name = fr; path = fr.lproj/InfoPlist.strings; sourceTree = "<group>"; };
		6ED44CDC18B1CF7300B63638 /* fr */ = {isa = PBXFileReference; lastKnownFileType = text.plist.strings; name = fr; path = fr.lproj/InfoPlist.strings; sourceTree = "<group>"; };
		6ED44CDF18B1E8FE00B63638 /* fr */ = {isa = PBXFileReference; lastKnownFileType = image.png; name = fr; path = fr.lproj/bg_topbar.png; sourceTree = "<group>"; };
		6ED44CE118B1E95000B63638 /* en */ = {isa = PBXFileReference; lastKnownFileType = image.png; name = en; path = "en.lproj/bg_topbar@2x.png"; sourceTree = "<group>"; };
		6ED44CE318B1E95400B63638 /* fr */ = {isa = PBXFileReference; lastKnownFileType = image.png; name = fr; path = "fr.lproj/bg_topbar@2x.png"; sourceTree = "<group>"; };
		6ED44CE718B1EB9000B63638 /* en */ = {isa = PBXFileReference; lastKnownFileType = text.plist.strings; name = en; path = en.lproj/Localizable.strings; sourceTree = "<group>"; };
		6ED44CE918B1EB9600B63638 /* fr */ = {isa = PBXFileReference; lastKnownFileType = text.plist.strings; name = fr; path = fr.lproj/Localizable.strings; sourceTree = "<group>"; };
		6ED44CEA18B1F61700B63638 /* line_blue.png */ = {isa = PBXFileReference; lastKnownFileType = image.png; path = line_blue.png; sourceTree = "<group>"; };
		6ED44CEB18B1F61700B63638 /* line_blue@2x.png */ = {isa = PBXFileReference; lastKnownFileType = image.png; path = "line_blue@2x.png"; sourceTree = "<group>"; };
		6ED44CEE18B230CE00B63638 /* DropDownMenuModel.h */ = {isa = PBXFileReference; fileEncoding = 4; lastKnownFileType = sourcecode.c.h; path = DropDownMenuModel.h; sourceTree = "<group>"; };
		6ED44CEF18B230CE00B63638 /* DropDownMenuModel.m */ = {isa = PBXFileReference; fileEncoding = 4; lastKnownFileType = sourcecode.c.objc; path = DropDownMenuModel.m; sourceTree = "<group>"; };
		6ED44CF118B235D100B63638 /* DropDownMenuEntity.h */ = {isa = PBXFileReference; fileEncoding = 4; lastKnownFileType = sourcecode.c.h; path = DropDownMenuEntity.h; sourceTree = "<group>"; };
		6ED44CF218B235D100B63638 /* DropDownMenuEntity.m */ = {isa = PBXFileReference; fileEncoding = 4; lastKnownFileType = sourcecode.c.objc; path = DropDownMenuEntity.m; sourceTree = "<group>"; };
/* End PBXFileReference section */

/* Begin PBXFrameworksBuildPhase section */
		6E42C6BA18ACAF5D0077D2CC /* Frameworks */ = {
			isa = PBXFrameworksBuildPhase;
			buildActionMask = 2147483647;
			files = (
				6E42C6C318ACAF5D0077D2CC /* CoreGraphics.framework in Frameworks */,
				6E42C6C518ACAF5D0077D2CC /* UIKit.framework in Frameworks */,
				6E42C6C118ACAF5D0077D2CC /* Foundation.framework in Frameworks */,
			);
			runOnlyForDeploymentPostprocessing = 0;
		};
		6E42C6D518ACAF5D0077D2CC /* Frameworks */ = {
			isa = PBXFrameworksBuildPhase;
			buildActionMask = 2147483647;
			files = (
				6E42C6DA18ACAF5D0077D2CC /* XCTest.framework in Frameworks */,
				6E42C6DC18ACAF5D0077D2CC /* UIKit.framework in Frameworks */,
				6E42C6DB18ACAF5D0077D2CC /* Foundation.framework in Frameworks */,
			);
			runOnlyForDeploymentPostprocessing = 0;
		};
/* End PBXFrameworksBuildPhase section */

/* Begin PBXGroup section */
		6E295EAB18B33FA900433166 /* DropDownMenu */ = {
			isa = PBXGroup;
			children = (
				6E1B842618ACD60C00E6655D /* CellCustomDropDownMenu.h */,
				6E1B842718ACD60C00E6655D /* CellCustomDropDownMenu.m */,
				6E1B842B18ACD65300E6655D /* CellCustomDropDownMenu.xib */,
				6E1B842118ACD18C00E6655D /* DropDownMenuViewController.h */,
				6E1B842218ACD18C00E6655D /* DropDownMenuViewController.m */,
				6E1B842318ACD18C00E6655D /* DropDownMenuViewController.xib */,
				6ED44CEE18B230CE00B63638 /* DropDownMenuModel.h */,
				6ED44CEF18B230CE00B63638 /* DropDownMenuModel.m */,
				6ED44CF118B235D100B63638 /* DropDownMenuEntity.h */,
				6ED44CF218B235D100B63638 /* DropDownMenuEntity.m */,
			);
			name = DropDownMenu;
			sourceTree = "<group>";
		};
		6E42C6B418ACAF5D0077D2CC = {
			isa = PBXGroup;
			children = (
				6E42C6C618ACAF5D0077D2CC /* ViewBasicInfo */,
				6E42C6DF18ACAF5D0077D2CC /* ViewBasicInfoTests */,
				6E42C6BF18ACAF5D0077D2CC /* Frameworks */,
				6E42C6BE18ACAF5D0077D2CC /* Products */,
			);
			sourceTree = "<group>";
		};
		6E42C6BE18ACAF5D0077D2CC /* Products */ = {
			isa = PBXGroup;
			children = (
				6E42C6BD18ACAF5D0077D2CC /* ViewBasicInfo.app */,
				6E42C6D818ACAF5D0077D2CC /* ViewBasicInfoTests.xctest */,
			);
			name = Products;
			sourceTree = "<group>";
		};
		6E42C6BF18ACAF5D0077D2CC /* Frameworks */ = {
			isa = PBXGroup;
			children = (
				6E42C6C018ACAF5D0077D2CC /* Foundation.framework */,
				6E42C6C218ACAF5D0077D2CC /* CoreGraphics.framework */,
				6E42C6C418ACAF5D0077D2CC /* UIKit.framework */,
				6E42C6D918ACAF5D0077D2CC /* XCTest.framework */,
			);
			name = Frameworks;
			sourceTree = "<group>";
		};
		6E42C6C618ACAF5D0077D2CC /* ViewBasicInfo */ = {
			isa = PBXGroup;
			children = (
				6E42C6CF18ACAF5D0077D2CC /* AppDelegate.h */,
				6E42C6D018ACAF5D0077D2CC /* AppDelegate.m */,
				6E42C6EF18ACAF740077D2CC /* MainViewController.h */,
				6E42C6F018ACAF740077D2CC /* MainViewController.m */,
				6E42C6F118ACAF740077D2CC /* MainViewController.xib */,
				6E295EAB18B33FA900433166 /* DropDownMenu */,
				6E42C6D218ACAF5D0077D2CC /* Images.xcassets */,
				6E42C6C718ACAF5D0077D2CC /* Supporting Files */,
			);
			path = ViewBasicInfo;
			sourceTree = "<group>";
		};
		6E42C6C718ACAF5D0077D2CC /* Supporting Files */ = {
			isa = PBXGroup;
			children = (
				6ED44CD918B1CEEB00B63638 /* bg_topbar.png */,
				6ED44CE218B1E95000B63638 /* bg_topbar@2x.png */,
				6E1B842D18ACE01E00E6655D /* line_horiz.png */,
				6E1B842E18ACE01E00E6655D /* line_horiz@2x.png */,
				6E24273F18ADD34D002F6346 /* line_dropdown_menu.png */,
				6E24274018ADD34D002F6346 /* line_dropdown_menu@2x.png */,
				6ED44CEA18B1F61700B63638 /* line_blue.png */,
				6ED44CEB18B1F61700B63638 /* line_blue@2x.png */,
				6E295EA118B3094700433166 /* bt_more_action.png */,
				6E295EA218B3094700433166 /* bt_more_action@2x.png */,
				6E295EA318B3094700433166 /* bt_pdf.png */,
				6E295EA418B3094700433166 /* bt_pdf@2x.png */,
				6E42C6C818ACAF5D0077D2CC /* ViewBasicInfo-Info.plist */,
				6E42C6C918ACAF5D0077D2CC /* InfoPlist.strings */,
				6E42C6CC18ACAF5D0077D2CC /* main.m */,
				6E42C6CE18ACAF5D0077D2CC /* ViewBasicInfo-Prefix.pch */,
				6ED44CE818B1EB9000B63638 /* Localizable.strings */,
			);
			name = "Supporting Files";
			sourceTree = "<group>";
		};
		6E42C6DF18ACAF5D0077D2CC /* ViewBasicInfoTests */ = {
			isa = PBXGroup;
			children = (
				6E42C6E518ACAF5D0077D2CC /* ViewBasicInfoTests.m */,
				6E42C6E018ACAF5D0077D2CC /* Supporting Files */,
			);
			path = ViewBasicInfoTests;
			sourceTree = "<group>";
		};
		6E42C6E018ACAF5D0077D2CC /* Supporting Files */ = {
			isa = PBXGroup;
			children = (
				6E42C6E118ACAF5D0077D2CC /* ViewBasicInfoTests-Info.plist */,
				6E42C6E218ACAF5D0077D2CC /* InfoPlist.strings */,
			);
			name = "Supporting Files";
			sourceTree = "<group>";
		};
/* End PBXGroup section */

/* Begin PBXNativeTarget section */
		6E42C6BC18ACAF5D0077D2CC /* ViewBasicInfo */ = {
			isa = PBXNativeTarget;
			buildConfigurationList = 6E42C6E918ACAF5D0077D2CC /* Build configuration list for PBXNativeTarget "ViewBasicInfo" */;
			buildPhases = (
				6E42C6B918ACAF5D0077D2CC /* Sources */,
				6E42C6BA18ACAF5D0077D2CC /* Frameworks */,
				6E42C6BB18ACAF5D0077D2CC /* Resources */,
			);
			buildRules = (
			);
			dependencies = (
			);
			name = ViewBasicInfo;
			productName = ViewBasicInfo;
			productReference = 6E42C6BD18ACAF5D0077D2CC /* ViewBasicInfo.app */;
			productType = "com.apple.product-type.application";
		};
		6E42C6D718ACAF5D0077D2CC /* ViewBasicInfoTests */ = {
			isa = PBXNativeTarget;
			buildConfigurationList = 6E42C6EC18ACAF5D0077D2CC /* Build configuration list for PBXNativeTarget "ViewBasicInfoTests" */;
			buildPhases = (
				6E42C6D418ACAF5D0077D2CC /* Sources */,
				6E42C6D518ACAF5D0077D2CC /* Frameworks */,
				6E42C6D618ACAF5D0077D2CC /* Resources */,
			);
			buildRules = (
			);
			dependencies = (
				6E42C6DE18ACAF5D0077D2CC /* PBXTargetDependency */,
			);
			name = ViewBasicInfoTests;
			productName = ViewBasicInfoTests;
			productReference = 6E42C6D818ACAF5D0077D2CC /* ViewBasicInfoTests.xctest */;
			productType = "com.apple.product-type.bundle.unit-test";
		};
/* End PBXNativeTarget section */

/* Begin PBXProject section */
		6E42C6B518ACAF5D0077D2CC /* Project object */ = {
			isa = PBXProject;
			attributes = {
				LastUpgradeCheck = 0500;
				ORGANIZATIONNAME = QsoftVietNam;
				TargetAttributes = {
					6E42C6D718ACAF5D0077D2CC = {
						TestTargetID = 6E42C6BC18ACAF5D0077D2CC;
					};
				};
			};
			buildConfigurationList = 6E42C6B818ACAF5D0077D2CC /* Build configuration list for PBXProject "ViewBasicInfo" */;
			compatibilityVersion = "Xcode 3.2";
			developmentRegion = English;
			hasScannedForEncodings = 0;
			knownRegions = (
				en,
				fr,
			);
			mainGroup = 6E42C6B418ACAF5D0077D2CC;
			productRefGroup = 6E42C6BE18ACAF5D0077D2CC /* Products */;
			projectDirPath = "";
			projectRoot = "";
			targets = (
				6E42C6BC18ACAF5D0077D2CC /* ViewBasicInfo */,
				6E42C6D718ACAF5D0077D2CC /* ViewBasicInfoTests */,
			);
		};
/* End PBXProject section */

/* Begin PBXResourcesBuildPhase section */
		6E42C6BB18ACAF5D0077D2CC /* Resources */ = {
			isa = PBXResourcesBuildPhase;
			buildActionMask = 2147483647;
			files = (
				6E1B842518ACD18C00E6655D /* DropDownMenuViewController.xib in Resources */,
				6ED44CE618B1EB9000B63638 /* Localizable.strings in Resources */,
				6E24274118ADD34D002F6346 /* line_dropdown_menu.png in Resources */,
				6ED44CD718B1CEEB00B63638 /* bg_topbar.png in Resources */,
				6E42C6CB18ACAF5D0077D2CC /* InfoPlist.strings in Resources */,
				6E295EA918B3094700433166 /* bt_pdf@2x.png in Resources */,
				6ED44CE018B1E95000B63638 /* bg_topbar@2x.png in Resources */,
				6E1B842F18ACE01E00E6655D /* line_horiz.png in Resources */,
				6E295EA718B3094700433166 /* bt_more_action@2x.png in Resources */,
				6E42C6F318ACAF740077D2CC /* MainViewController.xib in Resources */,
				6E42C6D318ACAF5D0077D2CC /* Images.xcassets in Resources */,
				6E295EA618B3094700433166 /* bt_more_action.png in Resources */,
				6E1B842C18ACD65300E6655D /* CellCustomDropDownMenu.xib in Resources */,
				6ED44CED18B1F61700B63638 /* line_blue@2x.png in Resources */,
				6E1B843018ACE01E00E6655D /* line_horiz@2x.png in Resources */,
				6E24274218ADD34D002F6346 /* line_dropdown_menu@2x.png in Resources */,
				6ED44CEC18B1F61700B63638 /* line_blue.png in Resources */,
				6E295EA818B3094700433166 /* bt_pdf.png in Resources */,
			);
			runOnlyForDeploymentPostprocessing = 0;
		};
		6E42C6D618ACAF5D0077D2CC /* Resources */ = {
			isa = PBXResourcesBuildPhase;
			buildActionMask = 2147483647;
			files = (
				6E42C6E418ACAF5D0077D2CC /* InfoPlist.strings in Resources */,
			);
			runOnlyForDeploymentPostprocessing = 0;
		};
/* End PBXResourcesBuildPhase section */

/* Begin PBXSourcesBuildPhase section */
		6E42C6B918ACAF5D0077D2CC /* Sources */ = {
			isa = PBXSourcesBuildPhase;
			buildActionMask = 2147483647;
			files = (
				6E1B842418ACD18C00E6655D /* DropDownMenuViewController.m in Sources */,
				6E42C6D118ACAF5D0077D2CC /* AppDelegate.m in Sources */,
				6E1B842818ACD60C00E6655D /* CellCustomDropDownMenu.m in Sources */,
				6E42C6F218ACAF740077D2CC /* MainViewController.m in Sources */,
				6ED44CF318B235D100B63638 /* DropDownMenuEntity.m in Sources */,
				6E42C6CD18ACAF5D0077D2CC /* main.m in Sources */,
				6ED44CF018B230CE00B63638 /* DropDownMenuModel.m in Sources */,
			);
			runOnlyForDeploymentPostprocessing = 0;
		};
		6E42C6D418ACAF5D0077D2CC /* Sources */ = {
			isa = PBXSourcesBuildPhase;
			buildActionMask = 2147483647;
			files = (
				6E42C6E618ACAF5D0077D2CC /* ViewBasicInfoTests.m in Sources */,
			);
			runOnlyForDeploymentPostprocessing = 0;
		};
/* End PBXSourcesBuildPhase section */

/* Begin PBXTargetDependency section */
		6E42C6DE18ACAF5D0077D2CC /* PBXTargetDependency */ = {
			isa = PBXTargetDependency;
			target = 6E42C6BC18ACAF5D0077D2CC /* ViewBasicInfo */;
			targetProxy = 6E42C6DD18ACAF5D0077D2CC /* PBXContainerItemProxy */;
		};
/* End PBXTargetDependency section */

/* Begin PBXVariantGroup section */
		6E42C6C918ACAF5D0077D2CC /* InfoPlist.strings */ = {
			isa = PBXVariantGroup;
			children = (
				6E42C6CA18ACAF5D0077D2CC /* en */,
				6ED44CDB18B1CF7300B63638 /* fr */,
			);
			name = InfoPlist.strings;
			sourceTree = "<group>";
		};
		6E42C6E218ACAF5D0077D2CC /* InfoPlist.strings */ = {
			isa = PBXVariantGroup;
			children = (
				6E42C6E318ACAF5D0077D2CC /* en */,
				6ED44CDC18B1CF7300B63638 /* fr */,
			);
			name = InfoPlist.strings;
			sourceTree = "<group>";
		};
		6ED44CD918B1CEEB00B63638 /* bg_topbar.png */ = {
			isa = PBXVariantGroup;
			children = (
				6ED44CD818B1CEEB00B63638 /* en */,
				6ED44CDF18B1E8FE00B63638 /* fr */,
			);
			name = bg_topbar.png;
			sourceTree = "<group>";
		};
		6ED44CE218B1E95000B63638 /* bg_topbar@2x.png */ = {
			isa = PBXVariantGroup;
			children = (
				6ED44CE118B1E95000B63638 /* en */,
				6ED44CE318B1E95400B63638 /* fr */,
			);
			name = "bg_topbar@2x.png";
			sourceTree = "<group>";
		};
		6ED44CE818B1EB9000B63638 /* Localizable.strings */ = {
			isa = PBXVariantGroup;
			children = (
				6ED44CE718B1EB9000B63638 /* en */,
				6ED44CE918B1EB9600B63638 /* fr */,
			);
			name = Localizable.strings;
			sourceTree = "<group>";
		};
/* End PBXVariantGroup section */

/* Begin XCBuildConfiguration section */
		6E42C6E718ACAF5D0077D2CC /* Debug */ = {
			isa = XCBuildConfiguration;
			buildSettings = {
				ALWAYS_SEARCH_USER_PATHS = NO;
				ARCHS = "$(ARCHS_STANDARD_INCLUDING_64_BIT)";
				CLANG_CXX_LANGUAGE_STANDARD = "gnu++0x";
				CLANG_CXX_LIBRARY = "libc++";
				CLANG_ENABLE_MODULES = YES;
				CLANG_ENABLE_OBJC_ARC = YES;
				CLANG_WARN_BOOL_CONVERSION = YES;
				CLANG_WARN_CONSTANT_CONVERSION = YES;
				CLANG_WARN_DIRECT_OBJC_ISA_USAGE = YES_ERROR;
				CLANG_WARN_EMPTY_BODY = YES;
				CLANG_WARN_ENUM_CONVERSION = YES;
				CLANG_WARN_INT_CONVERSION = YES;
				CLANG_WARN_OBJC_ROOT_CLASS = YES_ERROR;
				CLANG_WARN__DUPLICATE_METHOD_MATCH = YES;
				"CODE_SIGN_IDENTITY[sdk=iphoneos*]" = "iPhone Developer";
				COPY_PHASE_STRIP = NO;
				GCC_C_LANGUAGE_STANDARD = gnu99;
				GCC_DYNAMIC_NO_PIC = NO;
				GCC_OPTIMIZATION_LEVEL = 0;
				GCC_PREPROCESSOR_DEFINITIONS = (
					"DEBUG=1",
					"$(inherited)",
				);
				GCC_SYMBOLS_PRIVATE_EXTERN = NO;
				GCC_WARN_64_TO_32_BIT_CONVERSION = YES;
				GCC_WARN_ABOUT_RETURN_TYPE = YES_ERROR;
				GCC_WARN_UNDECLARED_SELECTOR = YES;
				GCC_WARN_UNINITIALIZED_AUTOS = YES;
				GCC_WARN_UNUSED_FUNCTION = YES;
				GCC_WARN_UNUSED_VARIABLE = YES;
				IPHONEOS_DEPLOYMENT_TARGET = 7.0;
				ONLY_ACTIVE_ARCH = YES;
				SDKROOT = iphoneos;
			};
			name = Debug;
		};
		6E42C6E818ACAF5D0077D2CC /* Release */ = {
			isa = XCBuildConfiguration;
			buildSettings = {
				ALWAYS_SEARCH_USER_PATHS = NO;
				ARCHS = "$(ARCHS_STANDARD_INCLUDING_64_BIT)";
				CLANG_CXX_LANGUAGE_STANDARD = "gnu++0x";
				CLANG_CXX_LIBRARY = "libc++";
				CLANG_ENABLE_MODULES = YES;
				CLANG_ENABLE_OBJC_ARC = YES;
				CLANG_WARN_BOOL_CONVERSION = YES;
				CLANG_WARN_CONSTANT_CONVERSION = YES;
				CLANG_WARN_DIRECT_OBJC_ISA_USAGE = YES_ERROR;
				CLANG_WARN_EMPTY_BODY = YES;
				CLANG_WARN_ENUM_CONVERSION = YES;
				CLANG_WARN_INT_CONVERSION = YES;
				CLANG_WARN_OBJC_ROOT_CLASS = YES_ERROR;
				CLANG_WARN__DUPLICATE_METHOD_MATCH = YES;
				"CODE_SIGN_IDENTITY[sdk=iphoneos*]" = "iPhone Developer";
				COPY_PHASE_STRIP = YES;
				ENABLE_NS_ASSERTIONS = NO;
				GCC_C_LANGUAGE_STANDARD = gnu99;
				GCC_WARN_64_TO_32_BIT_CONVERSION = YES;
				GCC_WARN_ABOUT_RETURN_TYPE = YES_ERROR;
				GCC_WARN_UNDECLARED_SELECTOR = YES;
				GCC_WARN_UNINITIALIZED_AUTOS = YES;
				GCC_WARN_UNUSED_FUNCTION = YES;
				GCC_WARN_UNUSED_VARIABLE = YES;
				IPHONEOS_DEPLOYMENT_TARGET = 7.0;
				SDKROOT = iphoneos;
				VALIDATE_PRODUCT = YES;
			};
			name = Release;
		};
		6E42C6EA18ACAF5D0077D2CC /* Debug */ = {
			isa = XCBuildConfiguration;
			buildSettings = {
				ASSETCATALOG_COMPILER_APPICON_NAME = AppIcon;
				ASSETCATALOG_COMPILER_LAUNCHIMAGE_NAME = LaunchImage;
				GCC_PRECOMPILE_PREFIX_HEADER = YES;
				GCC_PREFIX_HEADER = "ViewBasicInfo/ViewBasicInfo-Prefix.pch";
				INFOPLIST_FILE = "ViewBasicInfo/ViewBasicInfo-Info.plist";
				PRODUCT_NAME = "$(TARGET_NAME)";
				WRAPPER_EXTENSION = app;
			};
			name = Debug;
		};
		6E42C6EB18ACAF5D0077D2CC /* Release */ = {
			isa = XCBuildConfiguration;
			buildSettings = {
				ASSETCATALOG_COMPILER_APPICON_NAME = AppIcon;
				ASSETCATALOG_COMPILER_LAUNCHIMAGE_NAME = LaunchImage;
				GCC_PRECOMPILE_PREFIX_HEADER = YES;
				GCC_PREFIX_HEADER = "ViewBasicInfo/ViewBasicInfo-Prefix.pch";
				INFOPLIST_FILE = "ViewBasicInfo/ViewBasicInfo-Info.plist";
				PRODUCT_NAME = "$(TARGET_NAME)";
				WRAPPER_EXTENSION = app;
			};
			name = Release;
		};
		6E42C6ED18ACAF5D0077D2CC /* Debug */ = {
			isa = XCBuildConfiguration;
			buildSettings = {
				ARCHS = "$(ARCHS_STANDARD_INCLUDING_64_BIT)";
				BUNDLE_LOADER = "$(BUILT_PRODUCTS_DIR)/ViewBasicInfo.app/ViewBasicInfo";
				FRAMEWORK_SEARCH_PATHS = (
					"$(SDKROOT)/Developer/Library/Frameworks",
					"$(inherited)",
					"$(DEVELOPER_FRAMEWORKS_DIR)",
				);
				GCC_PRECOMPILE_PREFIX_HEADER = YES;
				GCC_PREFIX_HEADER = "ViewBasicInfo/ViewBasicInfo-Prefix.pch";
				GCC_PREPROCESSOR_DEFINITIONS = (
					"DEBUG=1",
					"$(inherited)",
				);
				INFOPLIST_FILE = "ViewBasicInfoTests/ViewBasicInfoTests-Info.plist";
				PRODUCT_NAME = "$(TARGET_NAME)";
				TEST_HOST = "$(BUNDLE_LOADER)";
				WRAPPER_EXTENSION = xctest;
			};
			name = Debug;
		};
		6E42C6EE18ACAF5D0077D2CC /* Release */ = {
			isa = XCBuildConfiguration;
			buildSettings = {
				ARCHS = "$(ARCHS_STANDARD_INCLUDING_64_BIT)";
				BUNDLE_LOADER = "$(BUILT_PRODUCTS_DIR)/ViewBasicInfo.app/ViewBasicInfo";
				FRAMEWORK_SEARCH_PATHS = (
					"$(SDKROOT)/Developer/Library/Frameworks",
					"$(inherited)",
					"$(DEVELOPER_FRAMEWORKS_DIR)",
				);
				GCC_PRECOMPILE_PREFIX_HEADER = YES;
				GCC_PREFIX_HEADER = "ViewBasicInfo/ViewBasicInfo-Prefix.pch";
				INFOPLIST_FILE = "ViewBasicInfoTests/ViewBasicInfoTests-Info.plist";
				PRODUCT_NAME = "$(TARGET_NAME)";
				TEST_HOST = "$(BUNDLE_LOADER)";
				WRAPPER_EXTENSION = xctest;
			};
			name = Release;
		};
/* End XCBuildConfiguration section */

/* Begin XCConfigurationList section */
		6E42C6B818ACAF5D0077D2CC /* Build configuration list for PBXProject "ViewBasicInfo" */ = {
			isa = XCConfigurationList;
			buildConfigurations = (
				6E42C6E718ACAF5D0077D2CC /* Debug */,
				6E42C6E818ACAF5D0077D2CC /* Release */,
			);
			defaultConfigurationIsVisible = 0;
			defaultConfigurationName = Release;
		};
		6E42C6E918ACAF5D0077D2CC /* Build configuration list for PBXNativeTarget "ViewBasicInfo" */ = {
			isa = XCConfigurationList;
			buildConfigurations = (
				6E42C6EA18ACAF5D0077D2CC /* Debug */,
				6E42C6EB18ACAF5D0077D2CC /* Release */,
			);
			defaultConfigurationIsVisible = 0;
			defaultConfigurationName = Release;
		};
		6E42C6EC18ACAF5D0077D2CC /* Build configuration list for PBXNativeTarget "ViewBasicInfoTests" */ = {
			isa = XCConfigurationList;
			buildConfigurations = (
				6E42C6ED18ACAF5D0077D2CC /* Debug */,
				6E42C6EE18ACAF5D0077D2CC /* Release */,
			);
			defaultConfigurationIsVisible = 0;
			defaultConfigurationName = Release;
		};
/* End XCConfigurationList section */
	};
	rootObject = 6E42C6B518ACAF5D0077D2CC /* Project object */;
}
